// !$*UTF8*$!
{
	archiveVersion = 1;
	classes = {
	};
	objectVersion = 46;
	objects = {

/* Begin PBXBuildFile section */
		00F36E2B19AA812800B21085 /* AppDelegate.swift in Sources */ = {isa = PBXBuildFile; fileRef = 00F36E2A19AA812800B21085 /* AppDelegate.swift */; };
		00F36E2D19AA812800B21085 /* ViewController.swift in Sources */ = {isa = PBXBuildFile; fileRef = 00F36E2C19AA812800B21085 /* ViewController.swift */; };
		00F36E3019AA812800B21085 /* Main.storyboard in Resources */ = {isa = PBXBuildFile; fileRef = 00F36E2E19AA812800B21085 /* Main.storyboard */; };
		00F36E3219AA812800B21085 /* Images.xcassets in Resources */ = {isa = PBXBuildFile; fileRef = 00F36E3119AA812800B21085 /* Images.xcassets */; };
		00F36E3E19AA812800B21085 /* tipcalcTests.swift in Sources */ = {isa = PBXBuildFile; fileRef = 00F36E3D19AA812800B21085 /* tipcalcTests.swift */; };
/* End PBXBuildFile section */

/* Begin PBXContainerItemProxy section */
		00F36E3819AA812800B21085 /* PBXContainerItemProxy */ = {
			isa = PBXContainerItemProxy;
			containerPortal = 00F36E1D19AA812800B21085 /* Project object */;
			proxyType = 1;
			remoteGlobalIDString = 00F36E2419AA812800B21085;
			remoteInfo = tipcalc;
		};
/* End PBXContainerItemProxy section */

/* Begin PBXFileReference section */
		00F36E2519AA812800B21085 /* tipcalc.app */ = {isa = PBXFileReference; explicitFileType = wrapper.application; includeInIndex = 0; path = tipcalc.app; sourceTree = BUILT_PRODUCTS_DIR; };
		00F36E2919AA812800B21085 /* Info.plist */ = {isa = PBXFileReference; lastKnownFileType = text.plist.xml; path = Info.plist; sourceTree = "<group>"; };
		00F36E2A19AA812800B21085 /* AppDelegate.swift */ = {isa = PBXFileReference; lastKnownFileType = sourcecode.swift; path = AppDelegate.swift; sourceTree = "<group>"; };
		00F36E2C19AA812800B21085 /* ViewController.swift */ = {isa = PBXFileReference; lastKnownFileType = sourcecode.swift; path = ViewController.swift; sourceTree = "<group>"; };
		00F36E2F19AA812800B21085 /* Base */ = {isa = PBXFileReference; lastKnownFileType = file.storyboard; name = Base; path = Base.lproj/Main.storyboard; sourceTree = "<group>"; };
		00F36E3119AA812800B21085 /* Images.xcassets */ = {isa = PBXFileReference; lastKnownFileType = folder.assetcatalog; path = Images.xcassets; sourceTree = "<group>"; };
		00F36E3719AA812800B21085 /* tipcalcTests.xctest */ = {isa = PBXFileReference; explicitFileType = wrapper.cfbundle; includeInIndex = 0; path = tipcalcTests.xctest; sourceTree = BUILT_PRODUCTS_DIR; };
		00F36E3C19AA812800B21085 /* Info.plist */ = {isa = PBXFileReference; lastKnownFileType = text.plist.xml; path = Info.plist; sourceTree = "<group>"; };
		00F36E3D19AA812800B21085 /* tipcalcTests.swift */ = {isa = PBXFileReference; lastKnownFileType = sourcecode.swift; path = tipcalcTests.swift; sourceTree = "<group>"; };
/* End PBXFileReference section */

/* Begin PBXFrameworksBuildPhase section */
		00F36E2219AA812800B21085 /* Frameworks */ = {
			isa = PBXFrameworksBuildPhase;
			buildActionMask = 2147483647;
			files = (
			);
			runOnlyForDeploymentPostprocessing = 0;
		};
		00F36E3419AA812800B21085 /* Frameworks */ = {
			isa = PBXFrameworksBuildPhase;
			buildActionMask = 2147483647;
			files = (
			);
			runOnlyForDeploymentPostprocessing = 0;
		};
/* End PBXFrameworksBuildPhase section */

/* Begin PBXGroup section */
		00F36E1C19AA812800B21085 = {
			isa = PBXGroup;
			children = (
				00F36E2719AA812800B21085 /* tipcalc */,
				00F36E3A19AA812800B21085 /* tipcalcTests */,
				00F36E2619AA812800B21085 /* Products */,
			);
			sourceTree = "<group>";
		};
		00F36E2619AA812800B21085 /* Products */ = {
			isa = PBXGroup;
			children = (
				00F36E2519AA812800B21085 /* tipcalc.app */,
				00F36E3719AA812800B21085 /* tipcalcTests.xctest */,
			);
			name = Products;
			sourceTree = "<group>";
		};
		00F36E2719AA812800B21085 /* tipcalc */ = {
			isa = PBXGroup;
			children = (
				00F36E2A19AA812800B21085 /* AppDelegate.swift */,
				00F36E2C19AA812800B21085 /* ViewController.swift */,
				00F36E2E19AA812800B21085 /* Main.storyboard */,
				00F36E3119AA812800B21085 /* Images.xcassets */,
				00F36E2819AA812800B21085 /* Supporting Files */,
			);
			path = tipcalc;
			sourceTree = "<group>";
		};
		00F36E2819AA812800B21085 /* Supporting Files */ = {
			isa = PBXGroup;
			children = (
				00F36E2919AA812800B21085 /* Info.plist */,
			);
			name = "Supporting Files";
			sourceTree = "<group>";
		};
		00F36E3A19AA812800B21085 /* tipcalcTests */ = {
			isa = PBXGroup;
			children = (
				00F36E3D19AA812800B21085 /* tipcalcTests.swift */,
				00F36E3B19AA812800B21085 /* Supporting Files */,
			);
			path = tipcalcTests;
			sourceTree = "<group>";
		};
		00F36E3B19AA812800B21085 /* Supporting Files */ = {
			isa = PBXGroup;
			children = (
				00F36E3C19AA812800B21085 /* Info.plist */,
			);
			name = "Supporting Files";
			sourceTree = "<group>";
		};
/* End PBXGroup section */

/* Begin PBXNativeTarget section */
		00F36E2419AA812800B21085 /* tipcalc */ = {
			isa = PBXNativeTarget;
			buildConfigurationList = 00F36E4119AA812800B21085 /* Build configuration list for PBXNativeTarget "tipcalc" */;
			buildPhases = (
				00F36E2119AA812800B21085 /* Sources */,
				00F36E2219AA812800B21085 /* Frameworks */,
				00F36E2319AA812800B21085 /* Resources */,
			);
			buildRules = (
			);
			dependencies = (
			);
			name = tipcalc;
			productName = tipcalc;
			productReference = 00F36E2519AA812800B21085 /* tipcalc.app */;
			productType = "com.apple.product-type.application";
		};
		00F36E3619AA812800B21085 /* tipcalcTests */ = {
			isa = PBXNativeTarget;
			buildConfigurationList = 00F36E4419AA812800B21085 /* Build configuration list for PBXNativeTarget "tipcalcTests" */;
			buildPhases = (
				00F36E3319AA812800B21085 /* Sources */,
				00F36E3419AA812800B21085 /* Frameworks */,
				00F36E3519AA812800B21085 /* Resources */,
			);
			buildRules = (
			);
			dependencies = (
				00F36E3919AA812800B21085 /* PBXTargetDependency */,
			);
			name = tipcalcTests;
			productName = tipcalcTests;
			productReference = 00F36E3719AA812800B21085 /* tipcalcTests.xctest */;
			productType = "com.apple.product-type.bundle.unit-test";
		};
/* End PBXNativeTarget section */

/* Begin PBXProject section */
		00F36E1D19AA812800B21085 /* Project object */ = {
			isa = PBXProject;
			attributes = {
				LastUpgradeCheck = 0600;
				ORGANIZATIONNAME = "Deepak Agarwal";
				TargetAttributes = {
					00F36E2419AA812800B21085 = {
						CreatedOnToolsVersion = 6.0;
					};
					00F36E3619AA812800B21085 = {
						CreatedOnToolsVersion = 6.0;
						TestTargetID = 00F36E2419AA812800B21085;
					};
				};
			};
			buildConfigurationList = 00F36E2019AA812800B21085 /* Build configuration list for PBXProject "tipcalc" */;
			compatibilityVersion = "Xcode 3.2";
			developmentRegion = English;
			hasScannedForEncodings = 0;
			knownRegions = (
				en,
				Base,
			);
			mainGroup = 00F36E1C19AA812800B21085;
			productRefGroup = 00F36E2619AA812800B21085 /* Products */;
			projectDirPath = "";
			projectRoot = "";
			targets = (
				00F36E2419AA812800B21085 /* tipcalc */,
				00F36E3619AA812800B21085 /* tipcalcTests */,
			);
		};
/* End PBXProject section */

/* Begin PBXResourcesBuildPhase section */
		00F36E2319AA812800B21085 /* Resources */ = {
			isa = PBXResourcesBuildPhase;
			buildActionMask = 2147483647;
			files = (
				00F36E3019AA812800B21085 /* Main.storyboard in Resources */,
				00F36E3219AA812800B21085 /* Images.xcassets in Resources */,
			);
			runOnlyForDeploymentPostprocessing = 0;
		};
		00F36E3519AA812800B21085 /* Resources */ = {
			isa = PBXResourcesBuildPhase;
			buildActionMask = 2147483647;
			files = (
			);
			runOnlyForDeploymentPostprocessing = 0;
		};
/* End PBXResourcesBuildPhase section */

/* Begin PBXSourcesBuildPhase section */
		00F36E2119AA812800B21085 /* Sources */ = {
			isa = PBXSourcesBuildPhase;
			buildActionMask = 2147483647;
			files = (
				00F36E2D19AA812800B21085 /* ViewController.swift in Sources */,
				00F36E2B19AA812800B21085 /* AppDelegate.swift in Sources */,
			);
			runOnlyForDeploymentPostprocessing = 0;
		};
		00F36E3319AA812800B21085 /* Sources */ = {
			isa = PBXSourcesBuildPhase;
			buildActionMask = 2147483647;
			files = (
				00F36E3E19AA812800B21085 /* tipcalcTests.swift in Sources */,
			);
			runOnlyForDeploymentPostprocessing = 0;
		};
/* End PBXSourcesBuildPhase section */

/* Begin PBXTargetDependency section */
		00F36E3919AA812800B21085 /* PBXTargetDependency */ = {
			isa = PBXTargetDependency;
			target = 00F36E2419AA812800B21085 /* tipcalc */;
			targetProxy = 00F36E3819AA812800B21085 /* PBXContainerItemProxy */;
		};
/* End PBXTargetDependency section */

/* Begin PBXVariantGroup section */
		00F36E2E19AA812800B21085 /* Main.storyboard */ = {
			isa = PBXVariantGroup;
			children = (
				00F36E2F19AA812800B21085 /* Base */,
			);
			name = Main.storyboard;
			sourceTree = "<group>";
		};
/* End PBXVariantGroup section */

/* Begin XCBuildConfiguration section */
		00F36E3F19AA812800B21085 /* Debug */ = {
			isa = XCBuildConfiguration;
			buildSettings = {
				ALWAYS_SEARCH_USER_PATHS = NO;
				CLANG_CXX_LANGUAGE_STANDARD = "gnu++0x";
				CLANG_CXX_LIBRARY = "libc++";
				CLANG_ENABLE_MODULES = YES;
				CLANG_ENABLE_OBJC_ARC = YES;
				CLANG_WARN_BOOL_CONVERSION = YES;
				CLANG_WARN_CONSTANT_CONVERSION = YES;
				CLANG_WARN_DIRECT_OBJC_ISA_USAGE = YES_ERROR;
				CLANG_WARN_EMPTY_BODY = YES;
				CLANG_WARN_ENUM_CONVERSION = YES;
				CLANG_WARN_INT_CONVERSION = YES;
				CLANG_WARN_OBJC_ROOT_CLASS = YES_ERROR;
				CLANG_WARN_UNREACHABLE_CODE = YES;
				CLANG_WARN__DUPLICATE_METHOD_MATCH = YES;
				"CODE_SIGN_IDENTITY[sdk=iphoneos*]" = "iPhone Developer";
				COPY_PHASE_STRIP = NO;
				ENABLE_STRICT_OBJC_MSGSEND = YES;
				GCC_C_LANGUAGE_STANDARD = gnu99;
				GCC_DYNAMIC_NO_PIC = NO;
				GCC_OPTIMIZATION_LEVEL = 0;
				GCC_PREPROCESSOR_DEFINITIONS = (
					"DEBUG=1",
					"$(inherited)",
				);
				GCC_SYMBOLS_PRIVATE_EXTERN = NO;
				GCC_WARN_64_TO_32_BIT_CONVERSION = YES;
				GCC_WARN_ABOUT_RETURN_TYPE = YES_ERROR;
				GCC_WARN_UNDECLARED_SELECTOR = YES;
				GCC_WARN_UNINITIALIZED_AUTOS = YES_AGGRESSIVE;
				GCC_WARN_UNUSED_FUNCTION = YES;
				GCC_WARN_UNUSED_VARIABLE = YES;
				IPHONEOS_DEPLOYMENT_TARGET = 8.0;
				MTL_ENABLE_DEBUG_INFO = YES;
				ONLY_ACTIVE_ARCH = YES;
				SDKROOT = iphoneos;
				SWIFT_OPTIMIZATION_LEVEL = "-Onone";
				TARGETED_DEVICE_FAMILY = 2;
			};
			name = Debug;
		};
		00F36E4019AA812800B21085 /* Release */ = {
			isa = XCBuildConfiguration;
			buildSettings = {
				ALWAYS_SEARCH_USER_PATHS = NO;
				CLANG_CXX_LANGUAGE_STANDARD = "gnu++0x";
				CLANG_CXX_LIBRARY = "libc++";
				CLANG_ENABLE_MODULES = YES;
				CLANG_ENABLE_OBJC_ARC = YES;
				CLANG_WARN_BOOL_CONVERSION = YES;
				CLANG_WARN_CONSTANT_CONVERSION = YES;
				CLANG_WARN_DIRECT_OBJC_ISA_USAGE = YES_ERROR;
				CLANG_WARN_EMPTY_BODY = YES;
				CLANG_WARN_ENUM_CONVERSION = YES;
				CLANG_WARN_INT_CONVERSION = YES;
				CLANG_WARN_OBJC_ROOT_CLASS = YES_ERROR;
				CLANG_WARN_UNREACHABLE_CODE = YES;
				CLANG_WARN__DUPLICATE_METHOD_MATCH = YES;
				"CODE_SIGN_IDENTITY[sdk=iphoneos*]" = "iPhone Developer";
				COPY_PHASE_STRIP = YES;
				ENABLE_NS_ASSERTIONS = NO;
				ENABLE_STRICT_OBJC_MSGSEND = YES;
				GCC_C_LANGUAGE_STANDARD = gnu99;
				GCC_WARN_64_TO_32_BIT_CONVERSION = YES;
				GCC_WARN_ABOUT_RETURN_TYPE = YES_ERROR;
				GCC_WARN_UNDECLARED_SELECTOR = YES;
				GCC_WARN_UNINITIALIZED_AUTOS = YES_AGGRESSIVE;
				GCC_WARN_UNUSED_FUNCTION = YES;
				GCC_WARN_UNUSED_VARIABLE = YES;
				IPHONEOS_DEPLOYMENT_TARGET = 8.0;
				MTL_ENABLE_DEBUG_INFO = NO;
				SDKROOT = iphoneos;
				TARGETED_DEVICE_FAMILY = 2;
				VALIDATE_PRODUCT = YES;
			};
			name = Release;
		};
		00F36E4219AA812800B21085 /* Debug */ = {
			isa = XCBuildConfiguration;
			buildSettings = {
				ASSETCATALOG_COMPILER_APPICON_NAME = AppIcon;
				ASSETCATALOG_COMPILER_LAUNCHIMAGE_NAME = LaunchImage;
				INFOPLIST_FILE = tipcalc/Info.plist;
				LD_RUNPATH_SEARCH_PATHS = "$(inherited) @executable_path/Frameworks";
				PRODUCT_NAME = "$(TARGET_NAME)";
			};
			name = Debug;
		};
		00F36E4319AA812800B21085 /* Release */ = {
			isa = XCBuildConfiguration;
			buildSettings = {
				ASSETCATALOG_COMPILER_APPICON_NAME = AppIcon;
				ASSETCATALOG_COMPILER_LAUNCHIMAGE_NAME = LaunchImage;
				INFOPLIST_FILE = tipcalc/Info.plist;
				LD_RUNPATH_SEARCH_PATHS = "$(inherited) @executable_path/Frameworks";
				PRODUCT_NAME = "$(TARGET_NAME)";
			};
			name = Release;
		};
		00F36E4519AA812800B21085 /* Debug */ = {
			isa = XCBuildConfiguration;
			buildSettings = {
				BUNDLE_LOADER = "$(TEST_HOST)";
				FRAMEWORK_SEARCH_PATHS = (
					"$(SDKROOT)/Developer/Library/Frameworks",
					"$(inherited)",
				);
				GCC_PREPROCESSOR_DEFINITIONS = (
					"DEBUG=1",
					"$(inherited)",
				);
				INFOPLIST_FILE = tipcalcTests/Info.plist;
				LD_RUNPATH_SEARCH_PATHS = "$(inherited) @executable_path/Frameworks @loader_path/Frameworks";
				PRODUCT_NAME = "$(TARGET_NAME)";
				TEST_HOST = "$(BUILT_PRODUCTS_DIR)/tipcalc.app/tipcalc";
			};
			name = Debug;
		};
		00F36E4619AA812800B21085 /* Release */ = {
			isa = XCBuildConfiguration;
			buildSettings = {
				BUNDLE_LOADER = "$(TEST_HOST)";
				FRAMEWORK_SEARCH_PATHS = (
					"$(SDKROOT)/Developer/Library/Frameworks",
					"$(inherited)",
				);
				INFOPLIST_FILE = tipcalcTests/Info.plist;
				LD_RUNPATH_SEARCH_PATHS = "$(inherited) @executable_path/Frameworks @loader_path/Frameworks";
				PRODUCT_NAME = "$(TARGET_NAME)";
				TEST_HOST = "$(BUILT_PRODUCTS_DIR)/tipcalc.app/tipcalc";
			};
			name = Release;
		};
/* End XCBuildConfiguration section */

/* Begin XCConfigurationList section */
		00F36E2019AA812800B21085 /* Build configuration list for PBXProject "tipcalc" */ = {
			isa = XCConfigurationList;
			buildConfigurations = (
				00F36E3F19AA812800B21085 /* Debug */,
				00F36E4019AA812800B21085 /* Release */,
			);
			defaultConfigurationIsVisible = 0;
			defaultConfigurationName = Release;
		};
		00F36E4119AA812800B21085 /* Build configuration list for PBXNativeTarget "tipcalc" */ = {
			isa = XCConfigurationList;
			buildConfigurations = (
				00F36E4219AA812800B21085 /* Debug */,
				00F36E4319AA812800B21085 /* Release */,
			);
			defaultConfigurationIsVisible = 0;
		};
		00F36E4419AA812800B21085 /* Build configuration list for PBXNativeTarget "tipcalcTests" */ = {
			isa = XCConfigurationList;
			buildConfigurations = (
				00F36E4519AA812800B21085 /* Debug */,
				00F36E4619AA812800B21085 /* Release */,
			);
			defaultConfigurationIsVisible = 0;
		};
/* End XCConfigurationList section */
	};
	rootObject = 00F36E1D19AA812800B21085 /* Project object */;
}
